{
  "nodes": {
    "arrpc": {
      "inputs": {
        "nixpkgs": [
          "nixpkgs"
        ]
      },
      "locked": {
        "lastModified": 1690915766,
        "narHash": "sha256-YynUr5VU7AKjFl74tGKo9RHkyYw4TSFLLtRsNg9SDbQ=",
        "owner": "notashelf",
        "repo": "arrpc-flake",
        "rev": "4d72fe05df250a93e32c70ba6893ddadde438e28",
        "type": "github"
      },
      "original": {
        "owner": "notashelf",
        "repo": "arrpc-flake",
        "type": "github"
      }
    },
    "flake-compat": {
      "locked": {
        "lastModified": 1688025799,
        "narHash": "sha256-ktpB4dRtnksm9F5WawoIkEneh1nrEvuxb5lJFt1iOyw=",
        "owner": "nix-community",
        "repo": "flake-compat",
        "rev": "8bf105319d44f6b9f0d764efa4fdef9f1cc9ba1c",
        "type": "github"
      },
      "original": {
        "owner": "nix-community",
        "repo": "flake-compat",
        "type": "github"
      }
    },
    "flake-parts": {
      "inputs": {
        "nixpkgs-lib": [
          "nixpkgs-wayland",
          "nix-eval-jobs",
          "nixpkgs"
        ]
      },
      "locked": {
        "lastModified": 1696203690,
        "narHash": "sha256-774XMEL7VHSTLDYVkqrbl5GCdmkVKsjMs+KLM4N4t7k=",
        "owner": "hercules-ci",
        "repo": "flake-parts",
        "rev": "21928e6758af0a258002647d14363d5ffc85545b",
        "type": "github"
      },
      "original": {
        "owner": "hercules-ci",
        "repo": "flake-parts",
        "type": "github"
      }
    },
    "flake-utils": {
      "inputs": {
        "systems": "systems_2"
      },
      "locked": {
        "lastModified": 1694529238,
        "narHash": "sha256-zsNZZGTGnMOf9YpHKJqMSsa0dXbfmxeoJ7xHlrt+xmY=",
        "owner": "numtide",
        "repo": "flake-utils",
        "rev": "ff7b65b44d01cf9ba6a71320833626af21126384",
        "type": "github"
      },
      "original": {
        "owner": "numtide",
        "repo": "flake-utils",
        "type": "github"
      }
    },
    "home-manager": {
      "inputs": {
        "nixpkgs": [
          "nixpkgs"
        ]
      },
      "locked": {
        "lastModified": 1696145345,
        "narHash": "sha256-3dM7I/d4751SLPJah0to1WBlWiyzIiuCEUwJqwBdmr4=",
        "owner": "nix-community",
        "repo": "home-manager",
        "rev": "6f9b5b83ad1f470b3d11b8a9fe1d5ef68c7d0e30",
        "type": "github"
      },
      "original": {
        "owner": "nix-community",
        "repo": "home-manager",
        "type": "github"
      }
    },
    "hyprland": {
      "inputs": {
        "hyprland-protocols": "hyprland-protocols",
        "nixpkgs": "nixpkgs",
        "systems": "systems",
        "wlroots": "wlroots",
        "xdph": "xdph"
      },
      "locked": {
        "lastModified": 1696261738,
        "narHash": "sha256-ujhtnd7vCZHJosOxTi4lgIyHA6iblYwXhx+ZS678fxw=",
        "owner": "hyprwm",
        "repo": "Hyprland",
        "rev": "b784931e678f907b1f1e41d04485fefd8a1faaf8",
        "type": "github"
      },
      "original": {
        "owner": "hyprwm",
        "repo": "Hyprland",
        "type": "github"
      }
    },
    "hyprland-protocols": {
      "inputs": {
        "nixpkgs": [
          "hyprland",
          "nixpkgs"
        ],
        "systems": [
          "hyprland",
          "systems"
        ]
      },
      "locked": {
        "lastModified": 1691753796,
        "narHash": "sha256-zOEwiWoXk3j3+EoF3ySUJmberFewWlagvewDRuWYAso=",
        "owner": "hyprwm",
        "repo": "hyprland-protocols",
        "rev": "0c2ce70625cb30aef199cb388f99e19a61a6ce03",
        "type": "github"
      },
      "original": {
        "owner": "hyprwm",
        "repo": "hyprland-protocols",
        "type": "github"
      }
    },
    "lib-aggregate": {
      "inputs": {
        "flake-utils": "flake-utils",
        "nixpkgs-lib": "nixpkgs-lib"
      },
      "locked": {
        "lastModified": 1696162106,
        "narHash": "sha256-72gAqduG8CpBFWchiO4DxZClux5HAti4frrrYGr/5xo=",
        "owner": "nix-community",
        "repo": "lib-aggregate",
        "rev": "273cc814826475216b2a8aa008697b939e784514",
        "type": "github"
      },
      "original": {
        "owner": "nix-community",
        "repo": "lib-aggregate",
        "type": "github"
      }
    },
    "nix-eval-jobs": {
      "inputs": {
        "flake-parts": "flake-parts",
        "nixpkgs": "nixpkgs_3",
        "treefmt-nix": "treefmt-nix"
      },
      "locked": {
        "lastModified": 1696208796,
        "narHash": "sha256-dGhlQ0TeiJhbtEk40ddbJ9Fz4kDa/JfU22F34iYJwu8=",
        "owner": "nix-community",
        "repo": "nix-eval-jobs",
        "rev": "82cede4edd01989095040b55d0212d61a65fc5fd",
        "type": "github"
      },
      "original": {
        "owner": "nix-community",
        "repo": "nix-eval-jobs",
        "type": "github"
      }
    },
    "nixos-hardware": {
      "locked": {
        "lastModified": 1696161939,
        "narHash": "sha256-HI1DxS//s46/qv9dcW06TzXaBjxL2DVTQP8R1QsnHzM=",
        "owner": "NixOS",
        "repo": "nixos-hardware",
        "rev": "0ab3ee718e964fb42dc57ace6170f19cb0b66532",
        "type": "github"
      },
      "original": {
        "owner": "NixOS",
        "ref": "master",
        "repo": "nixos-hardware",
        "type": "github"
      }
    },
    "nixpkgs": {
      "locked": {
        "lastModified": 1694767346,
        "narHash": "sha256-5uH27SiVFUwsTsqC5rs3kS7pBoNhtoy9QfTP9BmknGk=",
        "owner": "NixOS",
        "repo": "nixpkgs",
        "rev": "ace5093e36ab1e95cb9463863491bee90d5a4183",
        "type": "github"
      },
      "original": {
        "owner": "NixOS",
        "ref": "nixos-unstable",
        "repo": "nixpkgs",
        "type": "github"
      }
    },
    "nixpkgs-lib": {
      "locked": {
        "lastModified": 1696121361,
        "narHash": "sha256-sstnEW0Qwqo3MHmy1In/hJHjypfsSDlnhegNKw5eplk=",
        "owner": "nix-community",
        "repo": "nixpkgs.lib",
        "rev": "56992d3dfd3b8cee5c5b5674c1a477446839b6ad",
        "type": "github"
      },
      "original": {
        "owner": "nix-community",
        "repo": "nixpkgs.lib",
        "type": "github"
      }
    },
    "nixpkgs-master": {
      "locked": {
        "lastModified": 1696328054,
        "narHash": "sha256-gMx0oa2Nz+B9Fml/TlglMFXdd4kdG+dI8+K9MbdBPK8=",
        "owner": "nixos",
        "repo": "nixpkgs",
        "rev": "a7da38888f8f28d47b0b5dc1bc4bd2cdc9bda459",
        "type": "github"
      },
      "original": {
        "owner": "nixos",
        "ref": "master",
        "repo": "nixpkgs",
        "type": "github"
      }
    },
    "nixpkgs-wayland": {
      "inputs": {
        "flake-compat": "flake-compat",
        "lib-aggregate": "lib-aggregate",
        "nix-eval-jobs": "nix-eval-jobs",
        "nixpkgs": [
          "nixpkgs"
        ]
      },
      "locked": {
        "lastModified": 1696317266,
        "narHash": "sha256-HaiAeTYNFOgg0XbOln8lLR1ZZv0psxadja9PDumkjT0=",
        "owner": "nix-community",
        "repo": "nixpkgs-wayland",
        "rev": "e2d2ae211a5719ba9eeff2088787cda60693245f",
        "type": "github"
      },
      "original": {
        "owner": "nix-community",
        "repo": "nixpkgs-wayland",
        "type": "github"
      }
    },
    "nixpkgs_2": {
      "locked": {
        "lastModified": 1696019113,
        "narHash": "sha256-X3+DKYWJm93DRSdC5M6K5hLqzSya9BjibtBsuARoPco=",
        "owner": "nixos",
        "repo": "nixpkgs",
        "rev": "f5892ddac112a1e9b3612c39af1b72987ee5783a",
        "type": "github"
      },
      "original": {
        "owner": "nixos",
        "ref": "nixos-unstable",
        "repo": "nixpkgs",
        "type": "github"
      }
    },
    "nixpkgs_3": {
      "locked": {
        "lastModified": 1696207572,
        "narHash": "sha256-w24NTSMrc7bMIQP5Y8BFsKbpYjbRh/+ptf/9gCEFrKo=",
        "owner": "NixOS",
        "repo": "nixpkgs",
        "rev": "fe0b3b663e98c85db7f08ab3a4ac318c523c0684",
        "type": "github"
      },
      "original": {
        "owner": "NixOS",
        "ref": "master",
        "repo": "nixpkgs",
        "type": "github"
      }
    },
    "root": {
      "inputs": {
        "arrpc": "arrpc",
        "home-manager": "home-manager",
        "hyprland": "hyprland",
        "nixos-hardware": "nixos-hardware",
        "nixpkgs": "nixpkgs_2",
        "nixpkgs-master": "nixpkgs-master",
        "nixpkgs-wayland": "nixpkgs-wayland"
      }
    },
    "systems": {
      "locked": {
        "lastModified": 1689347949,
        "narHash": "sha256-12tWmuL2zgBgZkdoB6qXZsgJEH9LR3oUgpaQq2RbI80=",
        "owner": "nix-systems",
        "repo": "default-linux",
        "rev": "31732fcf5e8fea42e59c2488ad31a0e651500f68",
        "type": "github"
      },
      "original": {
        "owner": "nix-systems",
        "repo": "default-linux",
        "type": "github"
      }
    },
    "systems_2": {
      "locked": {
        "lastModified": 1681028828,
        "narHash": "sha256-Vy1rq5AaRuLzOxct8nz4T6wlgyUR7zLU309k9mBC768=",
        "owner": "nix-systems",
        "repo": "default",
        "rev": "da67096a3b9bf56a91d16901293e51ba5b49a27e",
        "type": "github"
      },
      "original": {
        "owner": "nix-systems",
        "repo": "default",
        "type": "github"
      }
    },
    "treefmt-nix": {
      "inputs": {
        "nixpkgs": [
          "nixpkgs-wayland",
          "nix-eval-jobs",
          "nixpkgs"
        ]
      },
      "locked": {
        "lastModified": 1695822946,
        "narHash": "sha256-IQU3fYo0H+oGlqX5YrgZU3VRhbt2Oqe6KmslQKUO4II=",
        "owner": "numtide",
        "repo": "treefmt-nix",
        "rev": "720bd006d855b08e60664e4683ccddb7a9ff614a",
        "type": "github"
      },
      "original": {
        "owner": "numtide",
        "repo": "treefmt-nix",
        "type": "github"
      }
    },
    "wlroots": {
      "flake": false,
      "locked": {
        "host": "gitlab.freedesktop.org",
        "lastModified": 1696255886,
        "narHash": "sha256-0KZfiqqREousitBgG1mkzKmmNX4tjOIWdbBm6MvRCjQ=",
        "owner": "wlroots",
        "repo": "wlroots",
        "rev": "5ef42e8e8adece098848fac53c721b6eb3818fc2",
        "type": "gitlab"
      },
      "original": {
        "host": "gitlab.freedesktop.org",
        "owner": "wlroots",
        "repo": "wlroots",
        "rev": "5ef42e8e8adece098848fac53c721b6eb3818fc2",
        "type": "gitlab"
      }
    },
    "xdph": {
      "inputs": {
        "hyprland-protocols": [
          "hyprland",
          "hyprland-protocols"
        ],
        "nixpkgs": [
          "hyprland",
          "nixpkgs"
        ],
        "systems": [
          "hyprland",
          "systems"
        ]
      },
      "locked": {
        "lastModified": 1694628480,
        "narHash": "sha256-Qg9hstRw0pvjGu5hStkr2UX1D73RYcQ9Ns/KnZMIm9w=",
        "owner": "hyprwm",
        "repo": "xdg-desktop-portal-hyprland",
        "rev": "8f45a6435069b9e24ebd3160eda736d7a391cbf2",
        "type": "github"
      },
      "original": {
        "owner": "hyprwm",
        "repo": "xdg-desktop-portal-hyprland",
        "type": "github"
      }
    }
  },
  "root": "root",
  "version": 7
}
